
Microsoft Visual Studio Solution File, Format Version 12.00
# Visual Studio Version 17
VisualStudioVersion = 17.4.33205.214
MinimumVisualStudioVersion = 10.0.40219.1
Project("{FAE04EC0-301F-11D3-BF4B-00C04F79EFBC}") = "Plants", "Plants\Plants.csproj", "{02C9ECA9-5388-4B1D-BE82-D046B86A89BD}"
EndProject
Global
	GlobalSection(SolutionConfigurationPlatforms) = preSolution
		Debug|Any CPU = Debug|Any CPU
		Release|Any CPU = Release|Any CPU
	EndGlobalSection
	GlobalSection(ProjectConfigurationPlatforms) = postSolution
		{02C9ECA9-5388-4B1D-BE82-D046B86A89BD}.Debug|Any CPU.ActiveCfg = Debug|Any CPU
		{02C9ECA9-5388-4B1D-BE82-D046B86A89BD}.Debug|Any CPU.Build.0 = Debug|Any CPU
		{02C9ECA9-5388-4B1D-BE82-D046B86A89BD}.Release|Any CPU.ActiveCfg = Release|Any CPU
		{02C9ECA9-5388-4B1D-BE82-D046B86A89BD}.Release|Any CPU.Build.0 = Release|Any CPU
	EndGlobalSection
	GlobalSection(SolutionProperties) = preSolution
		HideSolutionNode = FALSE
	EndGlobalSection
	GlobalSection(ExtensibilityGlobals) = postSolution
		SolutionGuid = {A83BB5D0-A686-4B59-A764-E4DC6DA4F241}
	EndGlobalSection
EndGlobal
